
Microsoft Visual Studio Solution File, Format Version 12.00
# Visual Studio Version 16
VisualStudioVersion = 16.0.29306.81
MinimumVisualStudioVersion = 10.0.40219.1
Project("{FAE04EC0-301F-11D3-BF4B-00C04F79EFBC}") = "PROG2070Assign1", "PROG2070Assign1\PROG2070Assign1.csproj", "{2DCA26BC-AFC0-44D8-A417-AD573D76A0AA}"
EndProject
Project("{FAE04EC0-301F-11D3-BF4B-00C04F79EFBC}") = "PROG2070Assign1.Tests", "PROG2070Assign1.Tests\PROG2070Assign1.Tests.csproj", "{A7109281-0001-46F8-94C7-1F5AE0E85AC0}"
EndProject
Global
	GlobalSection(SolutionConfigurationPlatforms) = preSolution
		Debug|Any CPU = Debug|Any CPU
		Release|Any CPU = Release|Any CPU
	EndGlobalSection
	GlobalSection(ProjectConfigurationPlatforms) = postSolution
		{2DCA26BC-AFC0-44D8-A417-AD573D76A0AA}.Debug|Any CPU.ActiveCfg = Debug|Any CPU
		{2DCA26BC-AFC0-44D8-A417-AD573D76A0AA}.Debug|Any CPU.Build.0 = Debug|Any CPU
		{2DCA26BC-AFC0-44D8-A417-AD573D76A0AA}.Release|Any CPU.ActiveCfg = Release|Any CPU
		{2DCA26BC-AFC0-44D8-A417-AD573D76A0AA}.Release|Any CPU.Build.0 = Release|Any CPU
		{A7109281-0001-46F8-94C7-1F5AE0E85AC0}.Debug|Any CPU.ActiveCfg = Debug|Any CPU
		{A7109281-0001-46F8-94C7-1F5AE0E85AC0}.Debug|Any CPU.Build.0 = Debug|Any CPU
		{A7109281-0001-46F8-94C7-1F5AE0E85AC0}.Release|Any CPU.ActiveCfg = Release|Any CPU
		{A7109281-0001-46F8-94C7-1F5AE0E85AC0}.Release|Any CPU.Build.0 = Release|Any CPU
	EndGlobalSection
	GlobalSection(SolutionProperties) = preSolution
		HideSolutionNode = FALSE
	EndGlobalSection
	GlobalSection(ExtensibilityGlobals) = postSolution
		SolutionGuid = {68B4A644-A3DC-485E-AB94-7B7ABD230B8E}
	EndGlobalSection
EndGlobal
